
Microsoft Visual Studio Solution File, Format Version 12.00
# Visual Studio Version 17
VisualStudioVersion = 17.5.33516.290
MinimumVisualStudioVersion = 10.0.40219.1
Project("{9A19103F-16F7-4668-BE54-9A1E7A4F7556}") = "Avalonia.PropertyGrid", "Avalonia.PropertyGrid\Avalonia.PropertyGrid.csproj", "{26EA879C-1190-4C16-9FDF-7A63B2FA3A15}"
EndProject
Project("{9A19103F-16F7-4668-BE54-9A1E7A4F7556}") = "Avalonia.PropertyGrid.Model", "Avalonia.PropertyGrid.Model\Avalonia.PropertyGrid.Model.csproj", "{75A4BDAD-C971-484B-9C73-F8E65CE7B812}"
EndProject
Project("{2150E333-8FDC-42A3-9474-1A3956D46DE8}") = "PropertyGrid", "PropertyGrid", "{2F4556E9-4CFD-43C3-908B-5D411EE41619}"
EndProject
Project("{2150E333-8FDC-42A3-9474-1A3956D46DE8}") = "Samples", "Samples", "{27094F4D-5BF1-4940-9726-D583AC395C69}"
EndProject
Project("{2150E333-8FDC-42A3-9474-1A3956D46DE8}") = "Tests", "Tests", "{37180D91-5EA1-457A-9907-D4304889EB39}"
EndProject
Project("{9A19103F-16F7-4668-BE54-9A1E7A4F7556}") = "Avalonia.PropertyGrid.Tests", "Avalonia.PropertyGrid.Tests\Avalonia.PropertyGrid.Tests.csproj", "{4EE1842A-F3F7-4E8A-9278-B1F1A96D627C}"
EndProject
Project("{9A19103F-16F7-4668-BE54-9A1E7A4F7556}") = "Avalonia.PropertyGrid.Samples", "Avalonia.PropertyGrid.Samples\Avalonia.PropertyGrid.Samples.csproj", "{FF770310-EBD8-4B95-B31D-CFD373B08FA1}"
EndProject
Project("{9A19103F-16F7-4668-BE54-9A1E7A4F7556}") = "Avalonia.PropertyGrid.Samples.Desktop", "Avalonia.PropertyGrid.Samples.Desktop\Avalonia.PropertyGrid.Samples.Desktop.csproj", "{EE298801-1D50-4457-9FEA-B17F02318F22}"
EndProject
Project("{9A19103F-16F7-4668-BE54-9A1E7A4F7556}") = "Avalonia.PropertyGrid.NugetSamples", "Avalonia.PropertyGrid.NugetSamples\Avalonia.PropertyGrid.NugetSamples.csproj", "{16BA4F62-EA85-49D4-BDDE-A609A50D5CDD}"
EndProject
Project("{9A19103F-16F7-4668-BE54-9A1E7A4F7556}") = "Avalonia.PropertyGrid.NugetSamples.Desktop", "Avalonia.PropertyGrid.NugetSamples.Desktop\Avalonia.PropertyGrid.NugetSamples.Desktop.csproj", "{60C74EF8-9E39-4268-9F33-20332D919C1B}"
EndProject
Global
	GlobalSection(SolutionConfigurationPlatforms) = preSolution
		Debug|Any CPU = Debug|Any CPU
		Release|Any CPU = Release|Any CPU
	EndGlobalSection
	GlobalSection(ProjectConfigurationPlatforms) = postSolution
		{26EA879C-1190-4C16-9FDF-7A63B2FA3A15}.Debug|Any CPU.ActiveCfg = Debug|Any CPU
		{26EA879C-1190-4C16-9FDF-7A63B2FA3A15}.Debug|Any CPU.Build.0 = Debug|Any CPU
		{26EA879C-1190-4C16-9FDF-7A63B2FA3A15}.Release|Any CPU.ActiveCfg = Release|Any CPU
		{26EA879C-1190-4C16-9FDF-7A63B2FA3A15}.Release|Any CPU.Build.0 = Release|Any CPU
		{75A4BDAD-C971-484B-9C73-F8E65CE7B812}.Debug|Any CPU.ActiveCfg = Debug|Any CPU
		{75A4BDAD-C971-484B-9C73-F8E65CE7B812}.Debug|Any CPU.Build.0 = Debug|Any CPU
		{75A4BDAD-C971-484B-9C73-F8E65CE7B812}.Release|Any CPU.ActiveCfg = Release|Any CPU
		{75A4BDAD-C971-484B-9C73-F8E65CE7B812}.Release|Any CPU.Build.0 = Release|Any CPU
		{4EE1842A-F3F7-4E8A-9278-B1F1A96D627C}.Debug|Any CPU.ActiveCfg = Debug|Any CPU
		{4EE1842A-F3F7-4E8A-9278-B1F1A96D627C}.Debug|Any CPU.Build.0 = Debug|Any CPU
		{4EE1842A-F3F7-4E8A-9278-B1F1A96D627C}.Release|Any CPU.ActiveCfg = Release|Any CPU
		{4EE1842A-F3F7-4E8A-9278-B1F1A96D627C}.Release|Any CPU.Build.0 = Release|Any CPU
		{FF770310-EBD8-4B95-B31D-CFD373B08FA1}.Debug|Any CPU.ActiveCfg = Debug|Any CPU
		{FF770310-EBD8-4B95-B31D-CFD373B08FA1}.Debug|Any CPU.Build.0 = Debug|Any CPU
		{FF770310-EBD8-4B95-B31D-CFD373B08FA1}.Release|Any CPU.ActiveCfg = Release|Any CPU
		{FF770310-EBD8-4B95-B31D-CFD373B08FA1}.Release|Any CPU.Build.0 = Release|Any CPU
		{EE298801-1D50-4457-9FEA-B17F02318F22}.Debug|Any CPU.ActiveCfg = Debug|Any CPU
		{EE298801-1D50-4457-9FEA-B17F02318F22}.Debug|Any CPU.Build.0 = Debug|Any CPU
		{EE298801-1D50-4457-9FEA-B17F02318F22}.Release|Any CPU.ActiveCfg = Release|Any CPU
		{EE298801-1D50-4457-9FEA-B17F02318F22}.Release|Any CPU.Build.0 = Release|Any CPU
		{16BA4F62-EA85-49D4-BDDE-A609A50D5CDD}.Debug|Any CPU.ActiveCfg = Debug|Any CPU
		{16BA4F62-EA85-49D4-BDDE-A609A50D5CDD}.Debug|Any CPU.Build.0 = Debug|Any CPU
		{16BA4F62-EA85-49D4-BDDE-A609A50D5CDD}.Release|Any CPU.ActiveCfg = Release|Any CPU
		{16BA4F62-EA85-49D4-BDDE-A609A50D5CDD}.Release|Any CPU.Build.0 = Release|Any CPU
		{60C74EF8-9E39-4268-9F33-20332D919C1B}.Debug|Any CPU.ActiveCfg = Debug|Any CPU
		{60C74EF8-9E39-4268-9F33-20332D919C1B}.Debug|Any CPU.Build.0 = Debug|Any CPU
		{60C74EF8-9E39-4268-9F33-20332D919C1B}.Release|Any CPU.ActiveCfg = Release|Any CPU
		{60C74EF8-9E39-4268-9F33-20332D919C1B}.Release|Any CPU.Build.0 = Release|Any CPU
	EndGlobalSection
	GlobalSection(SolutionProperties) = preSolution
		HideSolutionNode = FALSE
	EndGlobalSection
	GlobalSection(NestedProjects) = preSolution
		{26EA879C-1190-4C16-9FDF-7A63B2FA3A15} = {2F4556E9-4CFD-43C3-908B-5D411EE41619}
		{75A4BDAD-C971-484B-9C73-F8E65CE7B812} = {2F4556E9-4CFD-43C3-908B-5D411EE41619}
		{4EE1842A-F3F7-4E8A-9278-B1F1A96D627C} = {37180D91-5EA1-457A-9907-D4304889EB39}
		{FF770310-EBD8-4B95-B31D-CFD373B08FA1} = {27094F4D-5BF1-4940-9726-D583AC395C69}
		{EE298801-1D50-4457-9FEA-B17F02318F22} = {27094F4D-5BF1-4940-9726-D583AC395C69}
		{16BA4F62-EA85-49D4-BDDE-A609A50D5CDD} = {27094F4D-5BF1-4940-9726-D583AC395C69}
		{60C74EF8-9E39-4268-9F33-20332D919C1B} = {27094F4D-5BF1-4940-9726-D583AC395C69}
	EndGlobalSection
	GlobalSection(ExtensibilityGlobals) = postSolution
		SolutionGuid = {17C0E5EE-D41B-4A3A-A626-4CF865CC6D71}
	EndGlobalSection
EndGlobal
